// !$*UTF8*$!
{
	archiveVersion = 1;
	classes = {
	};
	objectVersion = 48;
	objects = {

/* Begin PBXBuildFile section */
		049E541820FC3286000A142C /* AppDelegate.m in Sources */ = {isa = PBXBuildFile; fileRef = 049E541720FC3286000A142C /* AppDelegate.m */; };
		049E541B20FC3286000A142C /* ViewController.m in Sources */ = {isa = PBXBuildFile; fileRef = 049E541A20FC3286000A142C /* ViewController.m */; };
		049E541E20FC3286000A142C /* Main.storyboard in Resources */ = {isa = PBXBuildFile; fileRef = 049E541C20FC3286000A142C /* Main.storyboard */; };
		049E542020FC3286000A142C /* Assets.xcassets in Resources */ = {isa = PBXBuildFile; fileRef = 049E541F20FC3286000A142C /* Assets.xcassets */; };
		049E542320FC3286000A142C /* LaunchScreen.storyboard in Resources */ = {isa = PBXBuildFile; fileRef = 049E542120FC3286000A142C /* LaunchScreen.storyboard */; };
		049E542620FC3286000A142C /* main.m in Sources */ = {isa = PBXBuildFile; fileRef = 049E542520FC3286000A142C /* main.m */; };
		049E543020FC3286000A142C /* SongUITests.m in Sources */ = {isa = PBXBuildFile; fileRef = 049E542F20FC3286000A142C /* SongUITests.m */; };
/* End PBXBuildFile section */

/* Begin PBXContainerItemProxy section */
		049E542C20FC3286000A142C /* PBXContainerItemProxy */ = {
			isa = PBXContainerItemProxy;
			containerPortal = 049E540B20FC3286000A142C /* Project object */;
			proxyType = 1;
			remoteGlobalIDString = 049E541220FC3286000A142C;
			remoteInfo = Song;
		};
/* End PBXContainerItemProxy section */

/* Begin PBXFileReference section */
		049E541320FC3286000A142C /* Song.app */ = {isa = PBXFileReference; explicitFileType = wrapper.application; includeInIndex = 0; path = Song.app; sourceTree = BUILT_PRODUCTS_DIR; };
		049E541620FC3286000A142C /* AppDelegate.h */ = {isa = PBXFileReference; lastKnownFileType = sourcecode.c.h; path = AppDelegate.h; sourceTree = "<group>"; };
		049E541720FC3286000A142C /* AppDelegate.m */ = {isa = PBXFileReference; lastKnownFileType = sourcecode.c.objc; path = AppDelegate.m; sourceTree = "<group>"; };
		049E541920FC3286000A142C /* ViewController.h */ = {isa = PBXFileReference; lastKnownFileType = sourcecode.c.h; path = ViewController.h; sourceTree = "<group>"; };
		049E541A20FC3286000A142C /* ViewController.m */ = {isa = PBXFileReference; lastKnownFileType = sourcecode.c.objc; path = ViewController.m; sourceTree = "<group>"; };
		049E541D20FC3286000A142C /* Base */ = {isa = PBXFileReference; lastKnownFileType = file.storyboard; name = Base; path = Base.lproj/Main.storyboard; sourceTree = "<group>"; };
		049E541F20FC3286000A142C /* Assets.xcassets */ = {isa = PBXFileReference; lastKnownFileType = folder.assetcatalog; path = Assets.xcassets; sourceTree = "<group>"; };
		049E542220FC3286000A142C /* Base */ = {isa = PBXFileReference; lastKnownFileType = file.storyboard; name = Base; path = Base.lproj/LaunchScreen.storyboard; sourceTree = "<group>"; };
		049E542420FC3286000A142C /* Info.plist */ = {isa = PBXFileReference; lastKnownFileType = text.plist.xml; path = Info.plist; sourceTree = "<group>"; };
		049E542520FC3286000A142C /* main.m */ = {isa = PBXFileReference; lastKnownFileType = sourcecode.c.objc; path = main.m; sourceTree = "<group>"; };
		049E542B20FC3286000A142C /* SongUITests.xctest */ = {isa = PBXFileReference; explicitFileType = wrapper.cfbundle; includeInIndex = 0; path = SongUITests.xctest; sourceTree = BUILT_PRODUCTS_DIR; };
		049E542F20FC3286000A142C /* SongUITests.m */ = {isa = PBXFileReference; lastKnownFileType = sourcecode.c.objc; path = SongUITests.m; sourceTree = "<group>"; };
		049E543120FC3286000A142C /* Info.plist */ = {isa = PBXFileReference; lastKnownFileType = text.plist.xml; path = Info.plist; sourceTree = "<group>"; };
/* End PBXFileReference section */

/* Begin PBXFrameworksBuildPhase section */
		049E541020FC3286000A142C /* Frameworks */ = {
			isa = PBXFrameworksBuildPhase;
			buildActionMask = 2147483647;
			files = (
			);
			runOnlyForDeploymentPostprocessing = 0;
		};
		049E542820FC3286000A142C /* Frameworks */ = {
			isa = PBXFrameworksBuildPhase;
			buildActionMask = 2147483647;
			files = (
			);
			runOnlyForDeploymentPostprocessing = 0;
		};
/* End PBXFrameworksBuildPhase section */

/* Begin PBXGroup section */
		049E540A20FC3286000A142C = {
			isa = PBXGroup;
			children = (
				049E541520FC3286000A142C /* Song */,
				049E542E20FC3286000A142C /* SongUITests */,
				049E541420FC3286000A142C /* Products */,
			);
			sourceTree = "<group>";
		};
		049E541420FC3286000A142C /* Products */ = {
			isa = PBXGroup;
			children = (
				049E541320FC3286000A142C /* Song.app */,
				049E542B20FC3286000A142C /* SongUITests.xctest */,
			);
			name = Products;
			sourceTree = "<group>";
		};
		049E541520FC3286000A142C /* Song */ = {
			isa = PBXGroup;
			children = (
				049E541620FC3286000A142C /* AppDelegate.h */,
				049E541720FC3286000A142C /* AppDelegate.m */,
				049E541920FC3286000A142C /* ViewController.h */,
				049E541A20FC3286000A142C /* ViewController.m */,
				049E541C20FC3286000A142C /* Main.storyboard */,
				049E541F20FC3286000A142C /* Assets.xcassets */,
				049E542120FC3286000A142C /* LaunchScreen.storyboard */,
				049E542420FC3286000A142C /* Info.plist */,
				049E542520FC3286000A142C /* main.m */,
			);
			path = Song;
			sourceTree = "<group>";
		};
		049E542E20FC3286000A142C /* SongUITests */ = {
			isa = PBXGroup;
			children = (
				049E542F20FC3286000A142C /* SongUITests.m */,
				049E543120FC3286000A142C /* Info.plist */,
			);
			path = SongUITests;
			sourceTree = "<group>";
		};
/* End PBXGroup section */

/* Begin PBXNativeTarget section */
		049E541220FC3286000A142C /* Song */ = {
			isa = PBXNativeTarget;
			buildConfigurationList = 049E543420FC3286000A142C /* Build configuration list for PBXNativeTarget "Song" */;
			buildPhases = (
				049E540F20FC3286000A142C /* Sources */,
				049E541020FC3286000A142C /* Frameworks */,
				049E541120FC3286000A142C /* Resources */,
			);
			buildRules = (
			);
			dependencies = (
			);
			name = Song;
			productName = Song;
			productReference = 049E541320FC3286000A142C /* Song.app */;
			productType = "com.apple.product-type.application";
		};
		049E542A20FC3286000A142C /* SongUITests */ = {
			isa = PBXNativeTarget;
			buildConfigurationList = 049E543720FC3286000A142C /* Build configuration list for PBXNativeTarget "SongUITests" */;
			buildPhases = (
				049E542720FC3286000A142C /* Sources */,
				049E542820FC3286000A142C /* Frameworks */,
				049E542920FC3286000A142C /* Resources */,
			);
			buildRules = (
			);
			dependencies = (
				049E542D20FC3286000A142C /* PBXTargetDependency */,
			);
			name = SongUITests;
			productName = SongUITests;
			productReference = 049E542B20FC3286000A142C /* SongUITests.xctest */;
			productType = "com.apple.product-type.bundle.ui-testing";
		};
/* End PBXNativeTarget section */

/* Begin PBXProject section */
		049E540B20FC3286000A142C /* Project object */ = {
			isa = PBXProject;
			attributes = {
				LastUpgradeCheck = 0920;
				ORGANIZATIONNAME = Mac;
				TargetAttributes = {
					049E541220FC3286000A142C = {
						CreatedOnToolsVersion = 9.2;
						ProvisioningStyle = Automatic;
					};
					049E542A20FC3286000A142C = {
						CreatedOnToolsVersion = 9.2;
						ProvisioningStyle = Automatic;
						TestTargetID = 049E541220FC3286000A142C;
					};
				};
			};
			buildConfigurationList = 049E540E20FC3286000A142C /* Build configuration list for PBXProject "Song" */;
			compatibilityVersion = "Xcode 8.0";
			developmentRegion = en;
			hasScannedForEncodings = 0;
			knownRegions = (
				en,
				Base,
			);
			mainGroup = 049E540A20FC3286000A142C;
			productRefGroup = 049E541420FC3286000A142C /* Products */;
			projectDirPath = "";
			projectRoot = "";
			targets = (
				049E541220FC3286000A142C /* Song */,
				049E542A20FC3286000A142C /* SongUITests */,
			);
		};
/* End PBXProject section */

/* Begin PBXResourcesBuildPhase section */
		049E541120FC3286000A142C /* Resources */ = {
			isa = PBXResourcesBuildPhase;
			buildActionMask = 2147483647;
			files = (
				049E542320FC3286000A142C /* LaunchScreen.storyboard in Resources */,
				049E542020FC3286000A142C /* Assets.xcassets in Resources */,
				049E541E20FC3286000A142C /* Main.storyboard in Resources */,
			);
			runOnlyForDeploymentPostprocessing = 0;
		};
		049E542920FC3286000A142C /* Resources */ = {
			isa = PBXResourcesBuildPhase;
			buildActionMask = 2147483647;
			files = (
			);
			runOnlyForDeploymentPostprocessing = 0;
		};
/* End PBXResourcesBuildPhase section */

/* Begin PBXSourcesBuildPhase section */
		049E540F20FC3286000A142C /* Sources */ = {
			isa = PBXSourcesBuildPhase;
			buildActionMask = 2147483647;
			files = (
				049E541B20FC3286000A142C /* ViewController.m in Sources */,
				049E542620FC3286000A142C /* main.m in Sources */,
				049E541820FC3286000A142C /* AppDelegate.m in Sources */,
			);
			runOnlyForDeploymentPostprocessing = 0;
		};
		049E542720FC3286000A142C /* Sources */ = {
			isa = PBXSourcesBuildPhase;
			buildActionMask = 2147483647;
			files = (
				049E543020FC3286000A142C /* SongUITests.m in Sources */,
			);
			runOnlyForDeploymentPostprocessing = 0;
		};
/* End PBXSourcesBuildPhase section */

/* Begin PBXTargetDependency section */
		049E542D20FC3286000A142C /* PBXTargetDependency */ = {
			isa = PBXTargetDependency;
			target = 049E541220FC3286000A142C /* Song */;
			targetProxy = 049E542C20FC3286000A142C /* PBXContainerItemProxy */;
		};
/* End PBXTargetDependency section */

/* Begin PBXVariantGroup section */
		049E541C20FC3286000A142C /* Main.storyboard */ = {
			isa = PBXVariantGroup;
			children = (
				049E541D20FC3286000A142C /* Base */,
			);
			name = Main.storyboard;
			sourceTree = "<group>";
		};
		049E542120FC3286000A142C /* LaunchScreen.storyboard */ = {
			isa = PBXVariantGroup;
			children = (
				049E542220FC3286000A142C /* Base */,
			);
			name = LaunchScreen.storyboard;
			sourceTree = "<group>";
		};
/* End PBXVariantGroup section */

/* Begin XCBuildConfiguration section */
		049E543220FC3286000A142C /* Debug */ = {
			isa = XCBuildConfiguration;
			buildSettings = {
				ALWAYS_SEARCH_USER_PATHS = NO;
				CLANG_ANALYZER_NONNULL = YES;
				CLANG_ANALYZER_NUMBER_OBJECT_CONVERSION = YES_AGGRESSIVE;
				CLANG_CXX_LANGUAGE_STANDARD = "gnu++14";
				CLANG_CXX_LIBRARY = "libc++";
				CLANG_ENABLE_MODULES = YES;
				CLANG_ENABLE_OBJC_ARC = YES;
				CLANG_WARN_BLOCK_CAPTURE_AUTORELEASING = YES;
				CLANG_WARN_BOOL_CONVERSION = YES;
				CLANG_WARN_COMMA = YES;
				CLANG_WARN_CONSTANT_CONVERSION = YES;
				CLANG_WARN_DIRECT_OBJC_ISA_USAGE = YES_ERROR;
				CLANG_WARN_DOCUMENTATION_COMMENTS = YES;
				CLANG_WARN_EMPTY_BODY = YES;
				CLANG_WARN_ENUM_CONVERSION = YES;
				CLANG_WARN_INFINITE_RECURSION = YES;
				CLANG_WARN_INT_CONVERSION = YES;
				CLANG_WARN_NON_LITERAL_NULL_CONVERSION = YES;
				CLANG_WARN_OBJC_LITERAL_CONVERSION = YES;
				CLANG_WARN_OBJC_ROOT_CLASS = YES_ERROR;
				CLANG_WARN_RANGE_LOOP_ANALYSIS = YES;
				CLANG_WARN_STRICT_PROTOTYPES = YES;
				CLANG_WARN_SUSPICIOUS_MOVE = YES;
				CLANG_WARN_UNGUARDED_AVAILABILITY = YES_AGGRESSIVE;
				CLANG_WARN_UNREACHABLE_CODE = YES;
				CLANG_WARN__DUPLICATE_METHOD_MATCH = YES;
				CODE_SIGN_IDENTITY = "iPhone Developer";
				COPY_PHASE_STRIP = NO;
				DEBUG_INFORMATION_FORMAT = dwarf;
				ENABLE_STRICT_OBJC_MSGSEND = YES;
				ENABLE_TESTABILITY = YES;
				GCC_C_LANGUAGE_STANDARD = gnu11;
				GCC_DYNAMIC_NO_PIC = NO;
				GCC_NO_COMMON_BLOCKS = YES;
				GCC_OPTIMIZATION_LEVEL = 0;
				GCC_PREPROCESSOR_DEFINITIONS = (
					"DEBUG=1",
					"$(inherited)",
				);
				GCC_WARN_64_TO_32_BIT_CONVERSION = YES;
				GCC_WARN_ABOUT_RETURN_TYPE = YES_ERROR;
				GCC_WARN_UNDECLARED_SELECTOR = YES;
				GCC_WARN_UNINITIALIZED_AUTOS = YES_AGGRESSIVE;
				GCC_WARN_UNUSED_FUNCTION = YES;
				GCC_WARN_UNUSED_VARIABLE = YES;
				IPHONEOS_DEPLOYMENT_TARGET = 11.2;
				MTL_ENABLE_DEBUG_INFO = YES;
				ONLY_ACTIVE_ARCH = YES;
				SDKROOT = iphoneos;
			};
			name = Debug;
		};
		049E543320FC3286000A142C /* Release */ = {
			isa = XCBuildConfiguration;
			buildSettings = {
				ALWAYS_SEARCH_USER_PATHS = NO;
				CLANG_ANALYZER_NONNULL = YES;
				CLANG_ANALYZER_NUMBER_OBJECT_CONVERSION = YES_AGGRESSIVE;
				CLANG_CXX_LANGUAGE_STANDARD = "gnu++14";
				CLANG_CXX_LIBRARY = "libc++";
				CLANG_ENABLE_MODULES = YES;
				CLANG_ENABLE_OBJC_ARC = YES;
				CLANG_WARN_BLOCK_CAPTURE_AUTORELEASING = YES;
				CLANG_WARN_BOOL_CONVERSION = YES;
				CLANG_WARN_COMMA = YES;
				CLANG_WARN_CONSTANT_CONVERSION = YES;
				CLANG_WARN_DIRECT_OBJC_ISA_USAGE = YES_ERROR;
				CLANG_WARN_DOCUMENTATION_COMMENTS = YES;
				CLANG_WARN_EMPTY_BODY = YES;
				CLANG_WARN_ENUM_CONVERSION = YES;
				CLANG_WARN_INFINITE_RECURSION = YES;
				CLANG_WARN_INT_CONVERSION = YES;
				CLANG_WARN_NON_LITERAL_NULL_CONVERSION = YES;
				CLANG_WARN_OBJC_LITERAL_CONVERSION = YES;
				CLANG_WARN_OBJC_ROOT_CLASS = YES_ERROR;
				CLANG_WARN_RANGE_LOOP_ANALYSIS = YES;
				CLANG_WARN_STRICT_PROTOTYPES = YES;
				CLANG_WARN_SUSPICIOUS_MOVE = YES;
				CLANG_WARN_UNGUARDED_AVAILABILITY = YES_AGGRESSIVE;
				CLANG_WARN_UNREACHABLE_CODE = YES;
				CLANG_WARN__DUPLICATE_METHOD_MATCH = YES;
				CODE_SIGN_IDENTITY = "iPhone Developer";
				COPY_PHASE_STRIP = NO;
				DEBUG_INFORMATION_FORMAT = "dwarf-with-dsym";
				ENABLE_NS_ASSERTIONS = NO;
				ENABLE_STRICT_OBJC_MSGSEND = YES;
				GCC_C_LANGUAGE_STANDARD = gnu11;
				GCC_NO_COMMON_BLOCKS = YES;
				GCC_WARN_64_TO_32_BIT_CONVERSION = YES;
				GCC_WARN_ABOUT_RETURN_TYPE = YES_ERROR;
				GCC_WARN_UNDECLARED_SELECTOR = YES;
				GCC_WARN_UNINITIALIZED_AUTOS = YES_AGGRESSIVE;
				GCC_WARN_UNUSED_FUNCTION = YES;
				GCC_WARN_UNUSED_VARIABLE = YES;
				IPHONEOS_DEPLOYMENT_TARGET = 11.2;
				MTL_ENABLE_DEBUG_INFO = NO;
				SDKROOT = iphoneos;
				VALIDATE_PRODUCT = YES;
			};
			name = Release;
		};
		049E543520FC3286000A142C /* Debug */ = {
			isa = XCBuildConfiguration;
			buildSettings = {
				ASSETCATALOG_COMPILER_APPICON_NAME = AppIcon;
				CODE_SIGN_STYLE = Automatic;
				INFOPLIST_FILE = Song/Info.plist;
				LD_RUNPATH_SEARCH_PATHS = "$(inherited) @executable_path/Frameworks";
				PRODUCT_BUNDLE_IDENTIFIER = song.Song;
				PRODUCT_NAME = "$(TARGET_NAME)";
				TARGETED_DEVICE_FAMILY = "1,2";
			};
			name = Debug;
		};
		049E543620FC3286000A142C /* Release */ = {
			isa = XCBuildConfiguration;
			buildSettings = {
				ASSETCATALOG_COMPILER_APPICON_NAME = AppIcon;
				CODE_SIGN_STYLE = Automatic;
				INFOPLIST_FILE = Song/Info.plist;
				LD_RUNPATH_SEARCH_PATHS = "$(inherited) @executable_path/Frameworks";
				PRODUCT_BUNDLE_IDENTIFIER = song.Song;
				PRODUCT_NAME = "$(TARGET_NAME)";
				TARGETED_DEVICE_FAMILY = "1,2";
			};
			name = Release;
		};
		049E543820FC3286000A142C /* Debug */ = {
			isa = XCBuildConfiguration;
			buildSettings = {
				CODE_SIGN_STYLE = Automatic;
				INFOPLIST_FILE = SongUITests/Info.plist;
				LD_RUNPATH_SEARCH_PATHS = "$(inherited) @executable_path/Frameworks @loader_path/Frameworks";
				PRODUCT_BUNDLE_IDENTIFIER = song.SongUITests;
				PRODUCT_NAME = "$(TARGET_NAME)";
				TARGETED_DEVICE_FAMILY = "1,2";
				TEST_TARGET_NAME = Song;
			};
			name = Debug;
		};
		049E543920FC3286000A142C /* Release */ = {
			isa = XCBuildConfiguration;
			buildSettings = {
				CODE_SIGN_STYLE = Automatic;
				INFOPLIST_FILE = SongUITests/Info.plist;
				LD_RUNPATH_SEARCH_PATHS = "$(inherited) @executable_path/Frameworks @loader_path/Frameworks";
				PRODUCT_BUNDLE_IDENTIFIER = song.SongUITests;
				PRODUCT_NAME = "$(TARGET_NAME)";
				TARGETED_DEVICE_FAMILY = "1,2";
				TEST_TARGET_NAME = Song;
			};
			name = Release;
		};
/* End XCBuildConfiguration section */

/* Begin XCConfigurationList section */
		049E540E20FC3286000A142C /* Build configuration list for PBXProject "Song" */ = {
			isa = XCConfigurationList;
			buildConfigurations = (
				049E543220FC3286000A142C /* Debug */,
				049E543320FC3286000A142C /* Release */,
			);
			defaultConfigurationIsVisible = 0;
			defaultConfigurationName = Release;
		};
		049E543420FC3286000A142C /* Build configuration list for PBXNativeTarget "Song" */ = {
			isa = XCConfigurationList;
			buildConfigurations = (
				049E543520FC3286000A142C /* Debug */,
				049E543620FC3286000A142C /* Release */,
			);
			defaultConfigurationIsVisible = 0;
			defaultConfigurationName = Release;
		};
		049E543720FC3286000A142C /* Build configuration list for PBXNativeTarget "SongUITests" */ = {
			isa = XCConfigurationList;
			buildConfigurations = (
				049E543820FC3286000A142C /* Debug */,
				049E543920FC3286000A142C /* Release */,
			);
			defaultConfigurationIsVisible = 0;
			defaultConfigurationName = Release;
		};
/* End XCConfigurationList section */
	};
	rootObject = 049E540B20FC3286000A142C /* Project object */;
}
